// !$*UTF8*$!
{
	archiveVersion = 1;
	classes = {
	};
	objectVersion = 46;
	objects = {

/* Begin PBXBuildFile section */
		BD2CC6CC1DE1064C00AF4E38 /* LocationSearchTableViewController.swift in Sources */ = {isa = PBXBuildFile; fileRef = BD2CC6CB1DE1064C00AF4E38 /* LocationSearchTableViewController.swift */; };
		BD30B3581DAC5BE2001B554D /* ProfileTableViewCell.swift in Sources */ = {isa = PBXBuildFile; fileRef = BD30B3571DAC5BE2001B554D /* ProfileTableViewCell.swift */; };
		BD30B35A1DAC8C3C001B554D /* PersonalViewController.swift in Sources */ = {isa = PBXBuildFile; fileRef = BD30B3591DAC8C3C001B554D /* PersonalViewController.swift */; };
		BD30B35C1DAC8E72001B554D /* PersonalTableViewCell.swift in Sources */ = {isa = PBXBuildFile; fileRef = BD30B35B1DAC8E72001B554D /* PersonalTableViewCell.swift */; };
		BD30B37E1DAED0E3001B554D /* Helper.swift in Sources */ = {isa = PBXBuildFile; fileRef = BD30B37D1DAED0E3001B554D /* Helper.swift */; };
		BD519B961DBEDE8100069A21 /* PictureIntroViewController.swift in Sources */ = {isa = PBXBuildFile; fileRef = BD519B951DBEDE8100069A21 /* PictureIntroViewController.swift */; };
		BD558C581DCBA1970068E959 /* MailViewController.swift in Sources */ = {isa = PBXBuildFile; fileRef = BD558C571DCBA1970068E959 /* MailViewController.swift */; };
		BD558C5A1DCEEA050068E959 /* Interest.swift in Sources */ = {isa = PBXBuildFile; fileRef = BD558C591DCEEA050068E959 /* Interest.swift */; };
		BD558C5C1DD015690068E959 /* CoffeeViewController.swift in Sources */ = {isa = PBXBuildFile; fileRef = BD558C5B1DD015690068E959 /* CoffeeViewController.swift */; };
		BD589A401DB9865E0067D1B4 /* NameIntroViewController.swift in Sources */ = {isa = PBXBuildFile; fileRef = BD589A3F1DB9865E0067D1B4 /* NameIntroViewController.swift */; };
		BD589A431DB9868C0067D1B4 /* AccountTypeIntroViewController.swift in Sources */ = {isa = PBXBuildFile; fileRef = BD589A421DB9868C0067D1B4 /* AccountTypeIntroViewController.swift */; };
		BD589A451DB986AE0067D1B4 /* AcademicIntroViewController.swift in Sources */ = {isa = PBXBuildFile; fileRef = BD589A441DB986AE0067D1B4 /* AcademicIntroViewController.swift */; };
		BD589A471DB986C10067D1B4 /* EmployerIntroViewController.swift in Sources */ = {isa = PBXBuildFile; fileRef = BD589A461DB986C10067D1B4 /* EmployerIntroViewController.swift */; };
		BD589A491DB988D40067D1B4 /* LocationIntroViewController.swift in Sources */ = {isa = PBXBuildFile; fileRef = BD589A481DB988D40067D1B4 /* LocationIntroViewController.swift */; };
		BD6D9B721DA71C6300BA0BAF /* AppDelegate.swift in Sources */ = {isa = PBXBuildFile; fileRef = BD6D9B711DA71C6300BA0BAF /* AppDelegate.swift */; };
		BD6D9B791DA71C6300BA0BAF /* Main.storyboard in Resources */ = {isa = PBXBuildFile; fileRef = BD6D9B771DA71C6300BA0BAF /* Main.storyboard */; };
		BD6D9B7B1DA71C6300BA0BAF /* Assets.xcassets in Resources */ = {isa = PBXBuildFile; fileRef = BD6D9B7A1DA71C6300BA0BAF /* Assets.xcassets */; };
		BD6D9B7E1DA71C6300BA0BAF /* LaunchScreen.storyboard in Resources */ = {isa = PBXBuildFile; fileRef = BD6D9B7C1DA71C6300BA0BAF /* LaunchScreen.storyboard */; };
		BD6D9B861DA71CA600BA0BAF /* GoogleService-Info.plist in Resources */ = {isa = PBXBuildFile; fileRef = BD6D9B851DA71CA600BA0BAF /* GoogleService-Info.plist */; };
		BD6D9B891DA71EF000BA0BAF /* User.swift in Sources */ = {isa = PBXBuildFile; fileRef = BD6D9B881DA71EF000BA0BAF /* User.swift */; };
		BD6D9B8B1DA723A100BA0BAF /* Employer.swift in Sources */ = {isa = PBXBuildFile; fileRef = BD6D9B8A1DA723A100BA0BAF /* Employer.swift */; };
		BD6D9B8D1DA7510000BA0BAF /* Coffee.swift in Sources */ = {isa = PBXBuildFile; fileRef = BD6D9B8C1DA7510000BA0BAF /* Coffee.swift */; };
		BD6D9B8F1DA756E500BA0BAF /* ConnectTableViewCell.swift in Sources */ = {isa = PBXBuildFile; fileRef = BD6D9B8E1DA756E500BA0BAF /* ConnectTableViewCell.swift */; };
		BD6D9B911DA7574B00BA0BAF /* ProfileViewController.swift in Sources */ = {isa = PBXBuildFile; fileRef = BD6D9B901DA7574B00BA0BAF /* ProfileViewController.swift */; };
		BDC53E331DB72F4A00C29237 /* CustomTabBarController.swift in Sources */ = {isa = PBXBuildFile; fileRef = BDC53E321DB72F4A00C29237 /* CustomTabBarController.swift */; };
		BDC53E351DB72FA300C29237 /* ConnectViewController.swift in Sources */ = {isa = PBXBuildFile; fileRef = BDC53E341DB72FA300C29237 /* ConnectViewController.swift */; };
		BDCDA8341DA86246000F1003 /* LoginViewController.swift in Sources */ = {isa = PBXBuildFile; fileRef = BDCDA8331DA86246000F1003 /* LoginViewController.swift */; };
		BDCDA8361DA9CB3E000F1003 /* Education.swift in Sources */ = {isa = PBXBuildFile; fileRef = BDCDA8351DA9CB3E000F1003 /* Education.swift */; };
		BDF6FBAE1DD2B3B400685FA1 /* CoffeeTableViewCell.swift in Sources */ = {isa = PBXBuildFile; fileRef = BDF6FBAD1DD2B3B400685FA1 /* CoffeeTableViewCell.swift */; };
		BDF6FBB21DD3B4D100685FA1 /* SeeCoffeeViewController.swift in Sources */ = {isa = PBXBuildFile; fileRef = BDF6FBB11DD3B4D100685FA1 /* SeeCoffeeViewController.swift */; };
		DAA60A692344CBB8636E0090 /* Pods_CoffeeAlum.framework in Frameworks */ = {isa = PBXBuildFile; fileRef = CC2AFB0389FA1DDD5318B33F /* Pods_CoffeeAlum.framework */; };
/* End PBXBuildFile section */

/* Begin PBXFileReference section */
		11EC12A8D757022DA4C3F1C5 /* Pods-CoffeeAlum.release.xcconfig */ = {isa = PBXFileReference; includeInIndex = 1; lastKnownFileType = text.xcconfig; name = "Pods-CoffeeAlum.release.xcconfig"; path = "Pods/Target Support Files/Pods-CoffeeAlum/Pods-CoffeeAlum.release.xcconfig"; sourceTree = "<group>"; };
		BD2CC6CB1DE1064C00AF4E38 /* LocationSearchTableViewController.swift */ = {isa = PBXFileReference; fileEncoding = 4; lastKnownFileType = sourcecode.swift; path = LocationSearchTableViewController.swift; sourceTree = "<group>"; };
		BD30B3571DAC5BE2001B554D /* ProfileTableViewCell.swift */ = {isa = PBXFileReference; fileEncoding = 4; lastKnownFileType = sourcecode.swift; path = ProfileTableViewCell.swift; sourceTree = "<group>"; };
		BD30B3591DAC8C3C001B554D /* PersonalViewController.swift */ = {isa = PBXFileReference; fileEncoding = 4; lastKnownFileType = sourcecode.swift; lineEnding = 0; path = PersonalViewController.swift; sourceTree = "<group>"; xcLanguageSpecificationIdentifier = xcode.lang.swift; };
		BD30B35B1DAC8E72001B554D /* PersonalTableViewCell.swift */ = {isa = PBXFileReference; fileEncoding = 4; lastKnownFileType = sourcecode.swift; lineEnding = 0; path = PersonalTableViewCell.swift; sourceTree = "<group>"; xcLanguageSpecificationIdentifier = xcode.lang.swift; };
		BD30B37D1DAED0E3001B554D /* Helper.swift */ = {isa = PBXFileReference; fileEncoding = 4; lastKnownFileType = sourcecode.swift; path = Helper.swift; sourceTree = "<group>"; };
		BD519B951DBEDE8100069A21 /* PictureIntroViewController.swift */ = {isa = PBXFileReference; fileEncoding = 4; lastKnownFileType = sourcecode.swift; path = PictureIntroViewController.swift; sourceTree = "<group>"; };
		BD558C571DCBA1970068E959 /* MailViewController.swift */ = {isa = PBXFileReference; fileEncoding = 4; lastKnownFileType = sourcecode.swift; path = MailViewController.swift; sourceTree = "<group>"; };
		BD558C591DCEEA050068E959 /* Interest.swift */ = {isa = PBXFileReference; fileEncoding = 4; lastKnownFileType = sourcecode.swift; path = Interest.swift; sourceTree = "<group>"; };
		BD558C5B1DD015690068E959 /* CoffeeViewController.swift */ = {isa = PBXFileReference; fileEncoding = 4; lastKnownFileType = sourcecode.swift; path = CoffeeViewController.swift; sourceTree = "<group>"; };
		BD589A3F1DB9865E0067D1B4 /* NameIntroViewController.swift */ = {isa = PBXFileReference; fileEncoding = 4; lastKnownFileType = sourcecode.swift; path = NameIntroViewController.swift; sourceTree = "<group>"; };
		BD589A421DB9868C0067D1B4 /* AccountTypeIntroViewController.swift */ = {isa = PBXFileReference; fileEncoding = 4; lastKnownFileType = sourcecode.swift; path = AccountTypeIntroViewController.swift; sourceTree = "<group>"; };
		BD589A441DB986AE0067D1B4 /* AcademicIntroViewController.swift */ = {isa = PBXFileReference; fileEncoding = 4; lastKnownFileType = sourcecode.swift; path = AcademicIntroViewController.swift; sourceTree = "<group>"; };
		BD589A461DB986C10067D1B4 /* EmployerIntroViewController.swift */ = {isa = PBXFileReference; fileEncoding = 4; lastKnownFileType = sourcecode.swift; path = EmployerIntroViewController.swift; sourceTree = "<group>"; };
		BD589A481DB988D40067D1B4 /* LocationIntroViewController.swift */ = {isa = PBXFileReference; fileEncoding = 4; lastKnownFileType = sourcecode.swift; path = LocationIntroViewController.swift; sourceTree = "<group>"; };
		BD6D9B6E1DA71C6300BA0BAF /* CoffeeAlum.app */ = {isa = PBXFileReference; explicitFileType = wrapper.application; includeInIndex = 0; path = CoffeeAlum.app; sourceTree = BUILT_PRODUCTS_DIR; };
		BD6D9B711DA71C6300BA0BAF /* AppDelegate.swift */ = {isa = PBXFileReference; lastKnownFileType = sourcecode.swift; path = AppDelegate.swift; sourceTree = "<group>"; };
		BD6D9B781DA71C6300BA0BAF /* Base */ = {isa = PBXFileReference; lastKnownFileType = file.storyboard; name = Base; path = Base.lproj/Main.storyboard; sourceTree = "<group>"; };
		BD6D9B7A1DA71C6300BA0BAF /* Assets.xcassets */ = {isa = PBXFileReference; lastKnownFileType = folder.assetcatalog; path = Assets.xcassets; sourceTree = "<group>"; };
		BD6D9B7D1DA71C6300BA0BAF /* Base */ = {isa = PBXFileReference; lastKnownFileType = file.storyboard; name = Base; path = Base.lproj/LaunchScreen.storyboard; sourceTree = "<group>"; };
		BD6D9B7F1DA71C6300BA0BAF /* Info.plist */ = {isa = PBXFileReference; lastKnownFileType = text.plist.xml; path = Info.plist; sourceTree = "<group>"; };
		BD6D9B851DA71CA600BA0BAF /* GoogleService-Info.plist */ = {isa = PBXFileReference; fileEncoding = 4; lastKnownFileType = text.plist.xml; path = "GoogleService-Info.plist"; sourceTree = "<group>"; };
		BD6D9B881DA71EF000BA0BAF /* User.swift */ = {isa = PBXFileReference; fileEncoding = 4; lastKnownFileType = sourcecode.swift; path = User.swift; sourceTree = "<group>"; };
		BD6D9B8A1DA723A100BA0BAF /* Employer.swift */ = {isa = PBXFileReference; fileEncoding = 4; lastKnownFileType = sourcecode.swift; path = Employer.swift; sourceTree = "<group>"; };
		BD6D9B8C1DA7510000BA0BAF /* Coffee.swift */ = {isa = PBXFileReference; fileEncoding = 4; lastKnownFileType = sourcecode.swift; path = Coffee.swift; sourceTree = "<group>"; };
		BD6D9B8E1DA756E500BA0BAF /* ConnectTableViewCell.swift */ = {isa = PBXFileReference; fileEncoding = 4; lastKnownFileType = sourcecode.swift; path = ConnectTableViewCell.swift; sourceTree = "<group>"; };
		BD6D9B901DA7574B00BA0BAF /* ProfileViewController.swift */ = {isa = PBXFileReference; fileEncoding = 4; lastKnownFileType = sourcecode.swift; path = ProfileViewController.swift; sourceTree = "<group>"; };
		BDC53E321DB72F4A00C29237 /* CustomTabBarController.swift */ = {isa = PBXFileReference; fileEncoding = 4; lastKnownFileType = sourcecode.swift; path = CustomTabBarController.swift; sourceTree = "<group>"; };
		BDC53E341DB72FA300C29237 /* ConnectViewController.swift */ = {isa = PBXFileReference; fileEncoding = 4; lastKnownFileType = sourcecode.swift; path = ConnectViewController.swift; sourceTree = "<group>"; };
		BDCDA8331DA86246000F1003 /* LoginViewController.swift */ = {isa = PBXFileReference; fileEncoding = 4; lastKnownFileType = sourcecode.swift; path = LoginViewController.swift; sourceTree = "<group>"; };
		BDCDA8351DA9CB3E000F1003 /* Education.swift */ = {isa = PBXFileReference; fileEncoding = 4; lastKnownFileType = sourcecode.swift; path = Education.swift; sourceTree = "<group>"; };
		BDF6FBAD1DD2B3B400685FA1 /* CoffeeTableViewCell.swift */ = {isa = PBXFileReference; fileEncoding = 4; lastKnownFileType = sourcecode.swift; path = CoffeeTableViewCell.swift; sourceTree = "<group>"; };
		BDF6FBB11DD3B4D100685FA1 /* SeeCoffeeViewController.swift */ = {isa = PBXFileReference; fileEncoding = 4; lastKnownFileType = sourcecode.swift; path = SeeCoffeeViewController.swift; sourceTree = "<group>"; };
		C0E065FF2EB151F0C12BEAF1 /* Pods-CoffeeAlum.debug.xcconfig */ = {isa = PBXFileReference; includeInIndex = 1; lastKnownFileType = text.xcconfig; name = "Pods-CoffeeAlum.debug.xcconfig"; path = "Pods/Target Support Files/Pods-CoffeeAlum/Pods-CoffeeAlum.debug.xcconfig"; sourceTree = "<group>"; };
		CC2AFB0389FA1DDD5318B33F /* Pods_CoffeeAlum.framework */ = {isa = PBXFileReference; explicitFileType = wrapper.framework; includeInIndex = 0; path = Pods_CoffeeAlum.framework; sourceTree = BUILT_PRODUCTS_DIR; };
/* End PBXFileReference section */

/* Begin PBXFrameworksBuildPhase section */
		BD6D9B6B1DA71C6300BA0BAF /* Frameworks */ = {
			isa = PBXFrameworksBuildPhase;
			buildActionMask = 2147483647;
			files = (
				DAA60A692344CBB8636E0090 /* Pods_CoffeeAlum.framework in Frameworks */,
			);
			runOnlyForDeploymentPostprocessing = 0;
		};
/* End PBXFrameworksBuildPhase section */

/* Begin PBXGroup section */
		A84A72CE4D065900EC58147A /* Pods */ = {
			isa = PBXGroup;
			children = (
				C0E065FF2EB151F0C12BEAF1 /* Pods-CoffeeAlum.debug.xcconfig */,
				11EC12A8D757022DA4C3F1C5 /* Pods-CoffeeAlum.release.xcconfig */,
			);
			name = Pods;
			sourceTree = "<group>";
		};
		B1FCC15C18C5F1918855267D /* Frameworks */ = {
			isa = PBXGroup;
			children = (
				CC2AFB0389FA1DDD5318B33F /* Pods_CoffeeAlum.framework */,
			);
			name = Frameworks;
			sourceTree = "<group>";
		};
		BD589A411DB9866A0067D1B4 /* IntroViewControllers */ = {
			isa = PBXGroup;
			children = (
				BD589A3F1DB9865E0067D1B4 /* NameIntroViewController.swift */,
				BD589A421DB9868C0067D1B4 /* AccountTypeIntroViewController.swift */,
				BD589A481DB988D40067D1B4 /* LocationIntroViewController.swift */,
				BD589A461DB986C10067D1B4 /* EmployerIntroViewController.swift */,
				BD589A441DB986AE0067D1B4 /* AcademicIntroViewController.swift */,
				BD519B951DBEDE8100069A21 /* PictureIntroViewController.swift */,
			);
			name = IntroViewControllers;
			sourceTree = "<group>";
		};
		BD6D9B651DA71C6300BA0BAF = {
			isa = PBXGroup;
			children = (
				BD6D9B701DA71C6300BA0BAF /* CoffeeAlum */,
				BD6D9B6F1DA71C6300BA0BAF /* Products */,
				A84A72CE4D065900EC58147A /* Pods */,
				B1FCC15C18C5F1918855267D /* Frameworks */,
			);
			sourceTree = "<group>";
		};
		BD6D9B6F1DA71C6300BA0BAF /* Products */ = {
			isa = PBXGroup;
			children = (
				BD6D9B6E1DA71C6300BA0BAF /* CoffeeAlum.app */,
			);
			name = Products;
			sourceTree = "<group>";
		};
		BD6D9B701DA71C6300BA0BAF /* CoffeeAlum */ = {
			isa = PBXGroup;
			children = (
				BD6D9B711DA71C6300BA0BAF /* AppDelegate.swift */,
				BD6D9B871DA71E2200BA0BAF /* Model */,
				DD8D2C5B1E09B7E900450914 /* Controllers */,
				DD8D2C5C1E09B7F000450914 /* Views */,
				BD6D9B771DA71C6300BA0BAF /* Main.storyboard */,
				BD6D9B7A1DA71C6300BA0BAF /* Assets.xcassets */,
				BD6D9B7C1DA71C6300BA0BAF /* LaunchScreen.storyboard */,
				BD6D9B7F1DA71C6300BA0BAF /* Info.plist */,
				BD6D9B851DA71CA600BA0BAF /* GoogleService-Info.plist */,
			);
			path = CoffeeAlum;
			sourceTree = "<group>";
		};
		BD6D9B871DA71E2200BA0BAF /* Model */ = {
			isa = PBXGroup;
			children = (
				BD6D9B881DA71EF000BA0BAF /* User.swift */,
				BD30B37D1DAED0E3001B554D /* Helper.swift */,
				BD6D9B8A1DA723A100BA0BAF /* Employer.swift */,
				BD6D9B8C1DA7510000BA0BAF /* Coffee.swift */,
				BDCDA8351DA9CB3E000F1003 /* Education.swift */,
				BD558C591DCEEA050068E959 /* Interest.swift */,
			);
			name = Model;
			sourceTree = "<group>";
		};
		BDF6FBB31DD3B93000685FA1 /* CoffeeVCs */ = {
			isa = PBXGroup;
			children = (
				BD558C571DCBA1970068E959 /* MailViewController.swift */,
				BD558C5B1DD015690068E959 /* CoffeeViewController.swift */,
				BDF6FBAD1DD2B3B400685FA1 /* CoffeeTableViewCell.swift */,
				BDF6FBB11DD3B4D100685FA1 /* SeeCoffeeViewController.swift */,
				BD2CC6CB1DE1064C00AF4E38 /* LocationSearchTableViewController.swift */,
			);
			name = CoffeeVCs;
			sourceTree = "<group>";
		};
		DD8D2C5B1E09B7E900450914 /* Controllers */ = {
			isa = PBXGroup;
			children = (
				BDC53E321DB72F4A00C29237 /* CustomTabBarController.swift */,
				BDCDA8331DA86246000F1003 /* LoginViewController.swift */,
				BDC53E341DB72FA300C29237 /* ConnectViewController.swift */,
				BD6D9B901DA7574B00BA0BAF /* ProfileViewController.swift */,
				BD30B3591DAC8C3C001B554D /* PersonalViewController.swift */,
				BDF6FBB31DD3B93000685FA1 /* CoffeeVCs */,
				BD589A411DB9866A0067D1B4 /* IntroViewControllers */,
			);
			name = Controllers;
			sourceTree = "<group>";
		};
		DD8D2C5C1E09B7F000450914 /* Views */ = {
			isa = PBXGroup;
			children = (
				BD6D9B8E1DA756E500BA0BAF /* ConnectTableViewCell.swift */,
				BD30B3571DAC5BE2001B554D /* ProfileTableViewCell.swift */,
				BD30B35B1DAC8E72001B554D /* PersonalTableViewCell.swift */,
			);
			name = Views;
			sourceTree = "<group>";
		};
/* End PBXGroup section */

/* Begin PBXNativeTarget section */
		BD6D9B6D1DA71C6300BA0BAF /* CoffeeAlum */ = {
			isa = PBXNativeTarget;
			buildConfigurationList = BD6D9B821DA71C6300BA0BAF /* Build configuration list for PBXNativeTarget "CoffeeAlum" */;
			buildPhases = (
				48C55CF3809F66118A4F8428 /* [CP] Check Pods Manifest.lock */,
				BD6D9B6A1DA71C6300BA0BAF /* Sources */,
				BD6D9B6B1DA71C6300BA0BAF /* Frameworks */,
				BD6D9B6C1DA71C6300BA0BAF /* Resources */,
				59294B98BD5A9423A62459F8 /* [CP] Embed Pods Frameworks */,
				FA5D9839FC2E2BE542C66ED7 /* [CP] Copy Pods Resources */,
			);
			buildRules = (
			);
			dependencies = (
			);
			name = CoffeeAlum;
			productName = CoffeeAlum;
			productReference = BD6D9B6E1DA71C6300BA0BAF /* CoffeeAlum.app */;
			productType = "com.apple.product-type.application";
		};
/* End PBXNativeTarget section */

/* Begin PBXProject section */
		BD6D9B661DA71C6300BA0BAF /* Project object */ = {
			isa = PBXProject;
			attributes = {
				LastSwiftUpdateCheck = 0800;
				LastUpgradeCheck = 0800;
				ORGANIZATIONNAME = CoffeeAlum;
				TargetAttributes = {
					BD6D9B6D1DA71C6300BA0BAF = {
						CreatedOnToolsVersion = 8.0;
						DevelopmentTeam = 9ME882KZTA;
						LastSwiftMigration = 0800;
						ProvisioningStyle = Automatic;
						SystemCapabilities = {
							com.apple.Keychain = {
								enabled = 1;
							};
						};
					};
				};
			};
			buildConfigurationList = BD6D9B691DA71C6300BA0BAF /* Build configuration list for PBXProject "CoffeeAlum" */;
			compatibilityVersion = "Xcode 3.2";
			developmentRegion = English;
			hasScannedForEncodings = 0;
			knownRegions = (
				en,
				Base,
			);
			mainGroup = BD6D9B651DA71C6300BA0BAF;
			productRefGroup = BD6D9B6F1DA71C6300BA0BAF /* Products */;
			projectDirPath = "";
			projectRoot = "";
			targets = (
				BD6D9B6D1DA71C6300BA0BAF /* CoffeeAlum */,
			);
		};
/* End PBXProject section */

/* Begin PBXResourcesBuildPhase section */
		BD6D9B6C1DA71C6300BA0BAF /* Resources */ = {
			isa = PBXResourcesBuildPhase;
			buildActionMask = 2147483647;
			files = (
				BD6D9B7E1DA71C6300BA0BAF /* LaunchScreen.storyboard in Resources */,
				BD6D9B7B1DA71C6300BA0BAF /* Assets.xcassets in Resources */,
				BD6D9B861DA71CA600BA0BAF /* GoogleService-Info.plist in Resources */,
				BD6D9B791DA71C6300BA0BAF /* Main.storyboard in Resources */,
			);
			runOnlyForDeploymentPostprocessing = 0;
		};
/* End PBXResourcesBuildPhase section */

/* Begin PBXShellScriptBuildPhase section */
		48C55CF3809F66118A4F8428 /* [CP] Check Pods Manifest.lock */ = {
			isa = PBXShellScriptBuildPhase;
			buildActionMask = 2147483647;
			files = (
			);
			inputPaths = (
			);
			name = "[CP] Check Pods Manifest.lock";
			outputPaths = (
			);
			runOnlyForDeploymentPostprocessing = 0;
			shellPath = /bin/sh;
			shellScript = "diff \"${PODS_ROOT}/../Podfile.lock\" \"${PODS_ROOT}/Manifest.lock\" > /dev/null\nif [[ $? != 0 ]] ; then\n    cat << EOM\nerror: The sandbox is not in sync with the Podfile.lock. Run 'pod install' or update your CocoaPods installation.\nEOM\n    exit 1\nfi\n";
			showEnvVarsInLog = 0;
		};
		59294B98BD5A9423A62459F8 /* [CP] Embed Pods Frameworks */ = {
			isa = PBXShellScriptBuildPhase;
			buildActionMask = 2147483647;
			files = (
			);
			inputPaths = (
			);
			name = "[CP] Embed Pods Frameworks";
			outputPaths = (
			);
			runOnlyForDeploymentPostprocessing = 0;
			shellPath = /bin/sh;
			shellScript = "\"${SRCROOT}/Pods/Target Support Files/Pods-CoffeeAlum/Pods-CoffeeAlum-frameworks.sh\"\n";
			showEnvVarsInLog = 0;
		};
		FA5D9839FC2E2BE542C66ED7 /* [CP] Copy Pods Resources */ = {
			isa = PBXShellScriptBuildPhase;
			buildActionMask = 2147483647;
			files = (
			);
			inputPaths = (
			);
			name = "[CP] Copy Pods Resources";
			outputPaths = (
			);
			runOnlyForDeploymentPostprocessing = 0;
			shellPath = /bin/sh;
			shellScript = "\"${SRCROOT}/Pods/Target Support Files/Pods-CoffeeAlum/Pods-CoffeeAlum-resources.sh\"\n";
			showEnvVarsInLog = 0;
		};
/* End PBXShellScriptBuildPhase section */

/* Begin PBXSourcesBuildPhase section */
		BD6D9B6A1DA71C6300BA0BAF /* Sources */ = {
			isa = PBXSourcesBuildPhase;
			buildActionMask = 2147483647;
			files = (
				BD2CC6CC1DE1064C00AF4E38 /* LocationSearchTableViewController.swift in Sources */,
				BD589A491DB988D40067D1B4 /* LocationIntroViewController.swift in Sources */,
				BD558C5A1DCEEA050068E959 /* Interest.swift in Sources */,
				BDCDA8341DA86246000F1003 /* LoginViewController.swift in Sources */,
				BD6D9B891DA71EF000BA0BAF /* User.swift in Sources */,
				BDF6FBB21DD3B4D100685FA1 /* SeeCoffeeViewController.swift in Sources */,
				BD6D9B8F1DA756E500BA0BAF /* ConnectTableViewCell.swift in Sources */,
				BD589A401DB9865E0067D1B4 /* NameIntroViewController.swift in Sources */,
				BD30B3581DAC5BE2001B554D /* ProfileTableViewCell.swift in Sources */,
				BD589A431DB9868C0067D1B4 /* AccountTypeIntroViewController.swift in Sources */,
				BD519B961DBEDE8100069A21 /* PictureIntroViewController.swift in Sources */,
				BD558C581DCBA1970068E959 /* MailViewController.swift in Sources */,
				BD6D9B721DA71C6300BA0BAF /* AppDelegate.swift in Sources */,
				BD6D9B8B1DA723A100BA0BAF /* Employer.swift in Sources */,
				BD6D9B911DA7574B00BA0BAF /* ProfileViewController.swift in Sources */,
				BDC53E351DB72FA300C29237 /* ConnectViewController.swift in Sources */,
				BDC53E331DB72F4A00C29237 /* CustomTabBarController.swift in Sources */,
				BDF6FBAE1DD2B3B400685FA1 /* CoffeeTableViewCell.swift in Sources */,
				BD589A451DB986AE0067D1B4 /* AcademicIntroViewController.swift in Sources */,
				BDCDA8361DA9CB3E000F1003 /* Education.swift in Sources */,
				BD30B35C1DAC8E72001B554D /* PersonalTableViewCell.swift in Sources */,
				BD30B35A1DAC8C3C001B554D /* PersonalViewController.swift in Sources */,
				BD589A471DB986C10067D1B4 /* EmployerIntroViewController.swift in Sources */,
				BD558C5C1DD015690068E959 /* CoffeeViewController.swift in Sources */,
				BD30B37E1DAED0E3001B554D /* Helper.swift in Sources */,
				BD6D9B8D1DA7510000BA0BAF /* Coffee.swift in Sources */,
			);
			runOnlyForDeploymentPostprocessing = 0;
		};
/* End PBXSourcesBuildPhase section */

/* Begin PBXVariantGroup section */
		BD6D9B771DA71C6300BA0BAF /* Main.storyboard */ = {
			isa = PBXVariantGroup;
			children = (
				BD6D9B781DA71C6300BA0BAF /* Base */,
			);
			name = Main.storyboard;
			sourceTree = "<group>";
		};
		BD6D9B7C1DA71C6300BA0BAF /* LaunchScreen.storyboard */ = {
			isa = PBXVariantGroup;
			children = (
				BD6D9B7D1DA71C6300BA0BAF /* Base */,
			);
			name = LaunchScreen.storyboard;
			sourceTree = "<group>";
		};
/* End PBXVariantGroup section */

/* Begin XCBuildConfiguration section */
		BD6D9B801DA71C6300BA0BAF /* Debug */ = {
			isa = XCBuildConfiguration;
			buildSettings = {
				ALWAYS_SEARCH_USER_PATHS = NO;
				CLANG_ANALYZER_NONNULL = YES;
				CLANG_CXX_LANGUAGE_STANDARD = "gnu++0x";
				CLANG_CXX_LIBRARY = "libc++";
				CLANG_ENABLE_MODULES = YES;
				CLANG_ENABLE_OBJC_ARC = YES;
				CLANG_WARN_BOOL_CONVERSION = YES;
				CLANG_WARN_CONSTANT_CONVERSION = YES;
				CLANG_WARN_DIRECT_OBJC_ISA_USAGE = YES_ERROR;
				CLANG_WARN_DOCUMENTATION_COMMENTS = YES;
				CLANG_WARN_EMPTY_BODY = YES;
				CLANG_WARN_ENUM_CONVERSION = YES;
				CLANG_WARN_INFINITE_RECURSION = YES;
				CLANG_WARN_INT_CONVERSION = YES;
				CLANG_WARN_OBJC_ROOT_CLASS = YES_ERROR;
				CLANG_WARN_SUSPICIOUS_MOVES = YES;
				CLANG_WARN_UNREACHABLE_CODE = YES;
				CLANG_WARN__DUPLICATE_METHOD_MATCH = YES;
				"CODE_SIGN_IDENTITY[sdk=iphoneos*]" = "iPhone Developer";
				COPY_PHASE_STRIP = NO;
				DEBUG_INFORMATION_FORMAT = dwarf;
				ENABLE_STRICT_OBJC_MSGSEND = YES;
				ENABLE_TESTABILITY = YES;
				GCC_C_LANGUAGE_STANDARD = gnu99;
				GCC_DYNAMIC_NO_PIC = NO;
				GCC_NO_COMMON_BLOCKS = YES;
				GCC_OPTIMIZATION_LEVEL = 0;
				GCC_PREPROCESSOR_DEFINITIONS = (
					"DEBUG=1",
					"$(inherited)",
				);
				GCC_WARN_64_TO_32_BIT_CONVERSION = YES;
				GCC_WARN_ABOUT_RETURN_TYPE = YES_ERROR;
				GCC_WARN_UNDECLARED_SELECTOR = YES;
				GCC_WARN_UNINITIALIZED_AUTOS = YES_AGGRESSIVE;
				GCC_WARN_UNUSED_FUNCTION = YES;
				GCC_WARN_UNUSED_VARIABLE = YES;
				IPHONEOS_DEPLOYMENT_TARGET = 10.0;
				MTL_ENABLE_DEBUG_INFO = YES;
				ONLY_ACTIVE_ARCH = YES;
				SDKROOT = iphoneos;
				SWIFT_ACTIVE_COMPILATION_CONDITIONS = DEBUG;
				SWIFT_OPTIMIZATION_LEVEL = "-Onone";
			};
			name = Debug;
		};
		BD6D9B811DA71C6300BA0BAF /* Release */ = {
			isa = XCBuildConfiguration;
			buildSettings = {
				ALWAYS_SEARCH_USER_PATHS = NO;
				CLANG_ANALYZER_NONNULL = YES;
				CLANG_CXX_LANGUAGE_STANDARD = "gnu++0x";
				CLANG_CXX_LIBRARY = "libc++";
				CLANG_ENABLE_MODULES = YES;
				CLANG_ENABLE_OBJC_ARC = YES;
				CLANG_WARN_BOOL_CONVERSION = YES;
				CLANG_WARN_CONSTANT_CONVERSION = YES;
				CLANG_WARN_DIRECT_OBJC_ISA_USAGE = YES_ERROR;
				CLANG_WARN_DOCUMENTATION_COMMENTS = YES;
				CLANG_WARN_EMPTY_BODY = YES;
				CLANG_WARN_ENUM_CONVERSION = YES;
				CLANG_WARN_INFINITE_RECURSION = YES;
				CLANG_WARN_INT_CONVERSION = YES;
				CLANG_WARN_OBJC_ROOT_CLASS = YES_ERROR;
				CLANG_WARN_SUSPICIOUS_MOVES = YES;
				CLANG_WARN_UNREACHABLE_CODE = YES;
				CLANG_WARN__DUPLICATE_METHOD_MATCH = YES;
				"CODE_SIGN_IDENTITY[sdk=iphoneos*]" = "iPhone Developer";
				COPY_PHASE_STRIP = NO;
				DEBUG_INFORMATION_FORMAT = "dwarf-with-dsym";
				ENABLE_NS_ASSERTIONS = NO;
				ENABLE_STRICT_OBJC_MSGSEND = YES;
				GCC_C_LANGUAGE_STANDARD = gnu99;
				GCC_NO_COMMON_BLOCKS = YES;
				GCC_WARN_64_TO_32_BIT_CONVERSION = YES;
				GCC_WARN_ABOUT_RETURN_TYPE = YES_ERROR;
				GCC_WARN_UNDECLARED_SELECTOR = YES;
				GCC_WARN_UNINITIALIZED_AUTOS = YES_AGGRESSIVE;
				GCC_WARN_UNUSED_FUNCTION = YES;
				GCC_WARN_UNUSED_VARIABLE = YES;
				IPHONEOS_DEPLOYMENT_TARGET = 10.0;
				MTL_ENABLE_DEBUG_INFO = NO;
				SDKROOT = iphoneos;
				SWIFT_OPTIMIZATION_LEVEL = "-Owholemodule";
				VALIDATE_PRODUCT = YES;
			};
			name = Release;
		};
		BD6D9B831DA71C6300BA0BAF /* Debug */ = {
			isa = XCBuildConfiguration;
			baseConfigurationReference = C0E065FF2EB151F0C12BEAF1 /* Pods-CoffeeAlum.debug.xcconfig */;
			buildSettings = {
				ASSETCATALOG_COMPILER_APPICON_NAME = AppIcon;
				DEVELOPMENT_TEAM = 9ME882KZTA;
				INFOPLIST_FILE = CoffeeAlum/Info.plist;
				LD_RUNPATH_SEARCH_PATHS = "$(inherited) @executable_path/Frameworks";
				PRODUCT_BUNDLE_IDENTIFIER = com.coffeealum;
				PRODUCT_NAME = "$(TARGET_NAME)";
				SWIFT_VERSION = 3.0;
			};
			name = Debug;
		};
		BD6D9B841DA71C6300BA0BAF /* Release */ = {
			isa = XCBuildConfiguration;
			baseConfigurationReference = 11EC12A8D757022DA4C3F1C5 /* Pods-CoffeeAlum.release.xcconfig */;
			buildSettings = {
				ASSETCATALOG_COMPILER_APPICON_NAME = AppIcon;
				DEVELOPMENT_TEAM = 9ME882KZTA;
				INFOPLIST_FILE = CoffeeAlum/Info.plist;
				LD_RUNPATH_SEARCH_PATHS = "$(inherited) @executable_path/Frameworks";
				PRODUCT_BUNDLE_IDENTIFIER = com.coffeealum;
				PRODUCT_NAME = "$(TARGET_NAME)";
				SWIFT_VERSION = 3.0;
			};
			name = Release;
		};
/* End XCBuildConfiguration section */

/* Begin XCConfigurationList section */
		BD6D9B691DA71C6300BA0BAF /* Build configuration list for PBXProject "CoffeeAlum" */ = {
			isa = XCConfigurationList;
			buildConfigurations = (
				BD6D9B801DA71C6300BA0BAF /* Debug */,
				BD6D9B811DA71C6300BA0BAF /* Release */,
			);
			defaultConfigurationIsVisible = 0;
			defaultConfigurationName = Release;
		};
		BD6D9B821DA71C6300BA0BAF /* Build configuration list for PBXNativeTarget "CoffeeAlum" */ = {
			isa = XCConfigurationList;
			buildConfigurations = (
				BD6D9B831DA71C6300BA0BAF /* Debug */,
				BD6D9B841DA71C6300BA0BAF /* Release */,
			);
			defaultConfigurationIsVisible = 0;
			defaultConfigurationName = Release;
		};
/* End XCConfigurationList section */
	};
	rootObject = BD6D9B661DA71C6300BA0BAF /* Project object */;
}
